
Microsoft Visual Studio Solution File, Format Version 12.00
# Visual Studio Version 16
VisualStudioVersion = 16.0.31729.503
MinimumVisualStudioVersion = 10.0.40219.1
Project("{FAE04EC0-301F-11D3-BF4B-00C04F79EFBC}") = "Creatio", "Creatio\Creatio.csproj", "{69692382-E173-44DF-BEAE-026040E4EFB2}"
EndProject
Global
	GlobalSection(SolutionConfigurationPlatforms) = preSolution
		Debug|Any CPU = Debug|Any CPU
		Release|Any CPU = Release|Any CPU
	EndGlobalSection
	GlobalSection(ProjectConfigurationPlatforms) = postSolution
		{69692382-E173-44DF-BEAE-026040E4EFB2}.Debug|Any CPU.ActiveCfg = Debug|Any CPU
		{69692382-E173-44DF-BEAE-026040E4EFB2}.Debug|Any CPU.Build.0 = Debug|Any CPU
		{69692382-E173-44DF-BEAE-026040E4EFB2}.Release|Any CPU.ActiveCfg = Release|Any CPU
		{69692382-E173-44DF-BEAE-026040E4EFB2}.Release|Any CPU.Build.0 = Release|Any CPU
	EndGlobalSection
	GlobalSection(SolutionProperties) = preSolution
		HideSolutionNode = FALSE
	EndGlobalSection
	GlobalSection(ExtensibilityGlobals) = postSolution
		SolutionGuid = {CC0F3A49-7F25-4C8E-822E-5167F04A4EB5}
	EndGlobalSection
EndGlobal
